{
  "name": "eth-global-istabul",
  "lockfileVersion": 3,
  "requires": true,
  "packages": {
    "": {
      "dependencies": {
        "@noir-lang/backend_barretenberg": "^0.19.2",
        "@noir-lang/noir_js": "^0.19.2"
      }
    },
    "node_modules/@aztec/bb.js": {
      "version": "0.12.0",
      "resolved": "https://registry.npmjs.org/@aztec/bb.js/-/bb.js-0.12.0.tgz",
      "integrity": "sha512-KBV1WHLvLo2foum3mzPkDtiLtedNSLAx4i3Oroex6X9OaP5ZF/KYKwCYo4vn4CJJgISoD4feC6D29D+CY1PY6w==",
      "dependencies": {
        "comlink": "^4.4.1",
        "commander": "^10.0.1",
        "debug": "^4.3.4",
        "tslib": "^2.4.0"
      },
      "bin": {
        "bb.js": "dest/node/main.js"
      }
    },
    "node_modules/@noir-lang/acvm_js": {
      "version": "0.33.0",
      "resolved": "https://registry.npmjs.org/@noir-lang/acvm_js/-/acvm_js-0.33.0.tgz",
      "integrity": "sha512-4e53SFUB7t05Q3n/0pLZ38LKDdvm7nhfmt2dFSnFgj9dgjRgzgDVSSWIoFWkAWC9oYlYVNJvHpeFyaDHVRFl0w=="
    },
    "node_modules/@noir-lang/backend_barretenberg": {
      "version": "0.19.2",
      "resolved": "https://registry.npmjs.org/@noir-lang/backend_barretenberg/-/backend_barretenberg-0.19.2.tgz",
      "integrity": "sha512-rsD7tGuAzOYsXQBlQrjc9HHO/l3TwH/0RPohhWmuba5MW9+j1rvttJk4Ve75ku/fkP6oLyBudwC4XWCvjZbGeQ==",
      "dependencies": {
        "@aztec/bb.js": "0.12.0",
        "@noir-lang/types": "0.19.2",
        "fflate": "^0.8.0"
      }
    },
    "node_modules/@noir-lang/noir_js": {
      "version": "0.19.2",
      "resolved": "https://registry.npmjs.org/@noir-lang/noir_js/-/noir_js-0.19.2.tgz",
      "integrity": "sha512-Zp1dL4O43Q4sNMp13Ofu1a+oAL28d7ZG/Xy4LKnaWypHFu/abRgdk4VYrppEkGmmwWJSCkLBevDb9hXk3+TSwg==",
      "dependencies": {
        "@noir-lang/acvm_js": "0.33.0",
        "@noir-lang/noirc_abi": "0.19.2",
        "@noir-lang/types": "0.19.2"
      }
    },
    "node_modules/@noir-lang/noirc_abi": {
      "version": "0.19.2",
      "resolved": "https://registry.npmjs.org/@noir-lang/noirc_abi/-/noirc_abi-0.19.2.tgz",
      "integrity": "sha512-G2Gl2TMhpkKmvJdcb6cqVMD0a/DkEETP7MkrV+WICU46GpwJqx32f4l0J/j185q20BABSssCc9ztfDtg1pwPWw=="
    },
    "node_modules/@noir-lang/types": {
      "version": "0.19.2",
      "resolved": "https://registry.npmjs.org/@noir-lang/types/-/types-0.19.2.tgz",
      "integrity": "sha512-I0seLib7v60BiTFuCRvztzmKy4TKEvCGx+m8pd1xHtnxAkm+9ISpHn/OoTZK8T4/kTsLhChP3ZiNEdtEvhrNlA==",
      "dependencies": {
        "@noir-lang/noirc_abi": "0.19.2"
      }
    },
    "node_modules/comlink": {
      "version": "4.4.1",
      "resolved": "https://registry.npmjs.org/comlink/-/comlink-4.4.1.tgz",
      "integrity": "sha512-+1dlx0aY5Jo1vHy/tSsIGpSkN4tS9rZSW8FIhG0JH/crs9wwweswIo/POr451r7bZww3hFbPAKnTpimzL/mm4Q=="
    },
    "node_modules/commander": {
      "version": "10.0.1",
      "resolved": "https://registry.npmjs.org/commander/-/commander-10.0.1.tgz",
      "integrity": "sha512-y4Mg2tXshplEbSGzx7amzPwKKOCGuoSRP/CjEdwwk0FOGlUbq6lKuoyDZTNZkmxHdJtp54hdfY/JUrdL7Xfdug==",
      "engines": {
        "node": ">=14"
      }
    },
    "node_modules/debug": {
      "version": "4.3.4",
      "resolved": "https://registry.npmjs.org/debug/-/debug-4.3.4.tgz",
      "integrity": "sha512-PRWFHuSU3eDtQJPvnNY7Jcket1j0t5OuOsFzPPzsekD52Zl8qUfFIPEiswXqIvHWGVHOgX+7G/vCNNhehwxfkQ==",
      "dependencies": {
        "ms": "2.1.2"
      },
      "engines": {
        "node": ">=6.0"
      },
      "peerDependenciesMeta": {
        "supports-color": {
          "optional": true
        }
      }
    },
    "node_modules/fflate": {
      "version": "0.8.1",
      "resolved": "https://registry.npmjs.org/fflate/-/fflate-0.8.1.tgz",
      "integrity": "sha512-/exOvEuc+/iaUm105QIiOt4LpBdMTWsXxqR0HDF35vx3fmaKzw7354gTilCh5rkzEt8WYyG//ku3h3nRmd7CHQ=="
    },
    "node_modules/ms": {
      "version": "2.1.2",
      "resolved": "https://registry.npmjs.org/ms/-/ms-2.1.2.tgz",
      "integrity": "sha512-sGkPx+VjMtmA6MX27oA4FBFELFCZZ4S4XqeGOXCv68tT+jb3vk/RyaKWP0PTKyWtmLSM0b+adUTEvbs1PEaH2w=="
    },
    "node_modules/tslib": {
      "version": "2.6.2",
      "resolved": "https://registry.npmjs.org/tslib/-/tslib-2.6.2.tgz",
      "integrity": "sha512-AEYxH93jGFPn/a2iVAwW87VuUIkR1FVUKB77NwMF7nBTDkDrrT/Hpt/IrCJ0QXhW27jTBDcf5ZY7w6RiqTMw2Q=="
    }
  }
}
